
Microsoft Visual Studio Solution File, Format Version 12.00
Project("{FAE04EC0-301F-11D3-BF4B-00C04F79EFBC}") = "JwtViewer", "JwtViewer\JwtViewer.csproj", "{118E5A40-AE14-46BE-B606-57FF7E39A957}"
EndProject
Global
	GlobalSection(SolutionConfigurationPlatforms) = preSolution
		Debug|Any CPU = Debug|Any CPU
		Release|Any CPU = Release|Any CPU
	EndGlobalSection
	GlobalSection(ProjectConfigurationPlatforms) = postSolution
		{118E5A40-AE14-46BE-B606-57FF7E39A957}.Debug|Any CPU.ActiveCfg = Debug|Any CPU
		{118E5A40-AE14-46BE-B606-57FF7E39A957}.Debug|Any CPU.Build.0 = Debug|Any CPU
		{118E5A40-AE14-46BE-B606-57FF7E39A957}.Release|Any CPU.ActiveCfg = Release|Any CPU
		{118E5A40-AE14-46BE-B606-57FF7E39A957}.Release|Any CPU.Build.0 = Release|Any CPU
	EndGlobalSection
EndGlobal
